
Microsoft Visual Studio Solution File, Format Version 12.00
# Visual Studio Version 16
VisualStudioVersion = 16.0.31729.503
MinimumVisualStudioVersion = 10.0.40219.1
Project("{9A19103F-16F7-4668-BE54-9A1E7A4F7556}") = "GraphQL.SQL", "GraphQL.SQL\GraphQL.SQL.csproj", "{FAE0C75D-06AB-4183-BC83-A94AC4B5BFB6}"
EndProject
Project("{9A19103F-16F7-4668-BE54-9A1E7A4F7556}") = "GraphQL.SQL.Tests", "GraphQL.SQL.Tests\GraphQL.SQL.Tests.csproj", "{F7B59442-2713-4F8C-9BF9-B383CE9A4814}"
EndProject
Project("{2150E333-8FDC-42A3-9474-1A3956D46DE8}") = "Solution Items", "Solution Items", "{AF259B4F-128F-4C3B-96D2-B24A99FBD753}"
	ProjectSection(SolutionItems) = preProject
		.editorconfig = .editorconfig
	EndProjectSection
EndProject
Project("{9A19103F-16F7-4668-BE54-9A1E7A4F7556}") = "GraphQL.SQL.API", "Examples\GraphQL.SQL.API\GraphQL.SQL.API.csproj", "{3458586E-63C3-4893-B048-36AD84C5C280}"
EndProject
Global
	GlobalSection(SolutionConfigurationPlatforms) = preSolution
		Debug|Any CPU = Debug|Any CPU
		Release|Any CPU = Release|Any CPU
	EndGlobalSection
	GlobalSection(ProjectConfigurationPlatforms) = postSolution
		{FAE0C75D-06AB-4183-BC83-A94AC4B5BFB6}.Debug|Any CPU.ActiveCfg = Debug|Any CPU
		{FAE0C75D-06AB-4183-BC83-A94AC4B5BFB6}.Debug|Any CPU.Build.0 = Debug|Any CPU
		{FAE0C75D-06AB-4183-BC83-A94AC4B5BFB6}.Release|Any CPU.ActiveCfg = Release|Any CPU
		{FAE0C75D-06AB-4183-BC83-A94AC4B5BFB6}.Release|Any CPU.Build.0 = Release|Any CPU
		{F7B59442-2713-4F8C-9BF9-B383CE9A4814}.Debug|Any CPU.ActiveCfg = Debug|Any CPU
		{F7B59442-2713-4F8C-9BF9-B383CE9A4814}.Debug|Any CPU.Build.0 = Debug|Any CPU
		{F7B59442-2713-4F8C-9BF9-B383CE9A4814}.Release|Any CPU.ActiveCfg = Release|Any CPU
		{F7B59442-2713-4F8C-9BF9-B383CE9A4814}.Release|Any CPU.Build.0 = Release|Any CPU
		{3458586E-63C3-4893-B048-36AD84C5C280}.Debug|Any CPU.ActiveCfg = Debug|Any CPU
		{3458586E-63C3-4893-B048-36AD84C5C280}.Debug|Any CPU.Build.0 = Debug|Any CPU
		{3458586E-63C3-4893-B048-36AD84C5C280}.Release|Any CPU.ActiveCfg = Release|Any CPU
		{3458586E-63C3-4893-B048-36AD84C5C280}.Release|Any CPU.Build.0 = Release|Any CPU
	EndGlobalSection
	GlobalSection(SolutionProperties) = preSolution
		HideSolutionNode = FALSE
	EndGlobalSection
	GlobalSection(ExtensibilityGlobals) = postSolution
		SolutionGuid = {7CE5592A-D865-4C5D-8055-023140292B84}
	EndGlobalSection
EndGlobal
